github.com/go-kivik/kivik v1.8.1 h1:GScP1mS5wP2km2awszvKzPEjC21lYjQGr3GY+4a/o2U=
github.com/go-kivik/kivik v2.0.0+incompatible h1:/7hgr29DKv/vlaJsUoyRlOFq0K+3ikz0wTbu+cIs7QY=
github.com/go-kivik/kivik v2.0.0+incompatible/go.mod h1:nIuJ8z4ikBrVUSk3Ua8NoDqYKULPNjuddjqRvlSUyyQ=
github.com/pkg/errors v0.9.1 h1:FEBLx1zS214owpjy7qsBeixbURkuhQAwrK5UwLGTwt4=
github.com/pkg/errors v0.9.1/go.mod h1:bwawxfHBFNV+L2hUp1rHADufV3IMtnDRdf1r5NINEl0=
golang.org/x/xerrors v0.0.0-20191204190536-9bdfabe68543 h1:E7g+9GITq07hpfrRu66IVDexMakfv52eLZ2CXBWiKr4=
golang.org/x/xerrors v0.0.0-20191204190536-9bdfabe68543/go.mod h1:I/5z698sn9Ka8TeJc9MKroUUfqBBauWjQqLJ2OPfmY0=
